{
  "version": 4,
  "terraform_version": "0.12.26",
  "serial": 1034,
  "lineage": "023c660c-a76f-2240-9f22-11a487631547",
  "outputs": {},
  "resources": [
    {
      "module": "module.aws_infrastructure",
      "mode": "data",
      "type": "aws_availability_zones",
      "name": "available_azs",
      "provider": "provider.aws",
      "instances": [
        {
          "schema_version": 0,
          "attributes": {
            "all_availability_zones": null,
            "blacklisted_names": null,
            "blacklisted_zone_ids": null,
            "exclude_names": null,
            "exclude_zone_ids": null,
            "filter": null,
            "group_names": [
              "us-east-1"
            ],
            "id": "2020-08-16 19:19:21.656261 +0000 UTC",
            "names": [
              "us-east-1a",
              "us-east-1b",
              "us-east-1c",
              "us-east-1d",
              "us-east-1e",
              "us-east-1f"
            ],
            "state": "available",
            "zone_ids": [
              "use1-az6",
              "use1-az1",
              "use1-az2",
              "use1-az4",
              "use1-az3",
              "use1-az5"
            ]
          }
        }
      ]
    },
    {
      "module": "module.aws_infrastructure",
      "mode": "data",
      "type": "template_file",
      "name": "agent_userdata",
      "provider": "provider.template",
      "instances": []
    },
    {
      "module": "module.aws_infrastructure",
      "mode": "data",
      "type": "template_file",
      "name": "server_userdata",
      "provider": "provider.template",
      "instances": []
    },
    {
      "module": "module.aws_infrastructure",
      "mode": "managed",
      "type": "aws_autoscaling_attachment",
      "name": "k8s_cp_lb_attachment",
      "provider": "provider.aws",
      "instances": []
    },
    {
      "module": "module.aws_infrastructure",
      "mode": "managed",
      "type": "aws_autoscaling_group",
      "name": "k8s_agent_asg",
      "provider": "provider.aws",
      "instances": []
    },
    {
      "module": "module.aws_infrastructure",
      "mode": "managed",
      "type": "aws_autoscaling_group",
      "name": "k8s_master_asg",
      "provider": "provider.aws",
      "instances": []
    },
    {
      "module": "module.aws_infrastructure",
      "mode": "managed",
      "type": "aws_db_subnet_group",
      "name": "k8s_backend_db_subnets",
      "provider": "provider.aws",
      "instances": [
        {
          "schema_version": 0,
          "attributes": {
            "arn": "arn:aws:rds:us-east-1:531815757023:subgrp:k8s-backend-db-subnets",
            "description": "Managed by Terraform",
            "id": "k8s-backend-db-subnets",
            "name": "k8s-backend-db-subnets",
            "name_prefix": null,
            "subnet_ids": [
              "subnet-033cf484e6d1798bc",
              "subnet-0ad278a1b2864dfe0"
            ],
            "tags": {
              "Name": "K8S Backend DB Subnets"
            }
          },
          "private": "bnVsbA==",
          "dependencies": [
            "module.aws_infrastructure.aws_subnet.k8s_private_subnet_1",
            "module.aws_infrastructure.aws_subnet.k8s_private_subnet_2",
            "module.aws_infrastructure.aws_vpc.k8s_vpc"
          ]
        }
      ]
    },
    {
      "module": "module.aws_infrastructure",
      "mode": "managed",
      "type": "aws_eip",
      "name": "k8s_nat_eip",
      "provider": "provider.aws",
      "instances": [
        {
          "schema_version": 0,
          "attributes": {
            "allocation_id": null,
            "associate_with_private_ip": null,
            "association_id": "",
            "customer_owned_ip": "",
            "customer_owned_ipv4_pool": "",
            "domain": "vpc",
            "id": "eipalloc-00816d01f10ee28c3",
            "instance": "",
            "network_interface": "",
            "private_dns": null,
            "private_ip": "",
            "public_dns": "ec2-54-86-169-178.compute-1.amazonaws.com",
            "public_ip": "54.86.169.178",
            "public_ipv4_pool": "amazon",
            "tags": null,
            "timeouts": null,
            "vpc": true
          },
          "private": "eyJlMmJmYjczMC1lY2FhLTExZTYtOGY4OC0zNDM2M2JjN2M0YzAiOnsiZGVsZXRlIjoxODAwMDAwMDAwMDAsInJlYWQiOjkwMDAwMDAwMDAwMCwidXBkYXRlIjozMDAwMDAwMDAwMDB9fQ=="
        }
      ]
    },
    {
      "module": "module.aws_infrastructure",
      "mode": "managed",
      "type": "aws_iam_instance_profile",
      "name": "k8s_agent_iam_profile",
      "provider": "provider.aws",
      "instances": []
    },
    {
      "module": "module.aws_infrastructure",
      "mode": "managed",
      "type": "aws_iam_instance_profile",
      "name": "k8s_master_iam_profile",
      "provider": "provider.aws",
      "instances": []
    },
    {
      "module": "module.aws_infrastructure",
      "mode": "managed",
      "type": "aws_iam_policy",
      "name": "k8s_agent_aws_iam_policy",
      "provider": "provider.aws",
      "instances": [
        {
          "schema_version": 0,
          "attributes": {
            "arn": "arn:aws:iam::531815757023:policy/k8s-agent-aws-iam-policy",
            "description": "K8S Master IAM AWS Policy",
            "id": "arn:aws:iam::531815757023:policy/k8s-agent-aws-iam-policy",
            "name": "k8s-agent-aws-iam-policy",
            "name_prefix": null,
            "path": "/",
            "policy": "{\n  \"Version\": \"2012-10-17\",\n  \"Statement\": [\n    {\n      \"Action\": [\n        \"ec2:DescribeInstances\",\n        \"ec2:DescribeRegions\",\n        \"ecr:GetAuthorizationToken\",\n        \"ecr:BatchCheckLayerAvailability\",\n        \"ecr:GetDownloadUrlForLayer\",\n        \"ecr:GetRepositoryPolicy\",\n        \"ecr:DescribeRepositories\",\n        \"ecr:ListImages\",\n        \"ecr:BatchGetImage\"\n      ],\n      \"Effect\": \"Allow\",\n      \"Resource\": [\"*\"]\n    }\n  ]\n}\n"
          },
          "private": "bnVsbA=="
        }
      ]
    },
    {
      "module": "module.aws_infrastructure",
      "mode": "managed",
      "type": "aws_iam_policy",
      "name": "k8s_master_aws_iam_policy",
      "provider": "provider.aws",
      "instances": [
        {
          "schema_version": 0,
          "attributes": {
            "arn": "arn:aws:iam::531815757023:policy/k8s-master-aws-iam-policy",
            "description": "K8S Master AWS IAM Policy",
            "id": "arn:aws:iam::531815757023:policy/k8s-master-aws-iam-policy",
            "name": "k8s-master-aws-iam-policy",
            "name_prefix": null,
            "path": "/",
            "policy": "{\n  \"Version\": \"2012-10-17\",\n  \"Statement\": [\n    {\n      \"Action\": [\n        \"autoscaling:DescribeAutoScalingGroups\",\n        \"autoscaling:DescribeLaunchConfigurations\",\n        \"autoscaling:DescribeTags\",\n        \"ec2:DescribeInstances\",\n        \"ec2:DescribeRegions\",\n        \"ec2:DescribeRouteTables\",\n        \"ec2:DescribeSecurityGroups\",\n        \"ec2:DescribeSubnets\",\n        \"ec2:DescribeVolumes\",\n        \"ec2:CreateSecurityGroup\",\n        \"ec2:CreateTags\",\n        \"ec2:CreateVolume\",\n        \"ec2:ModifyInstanceAttribute\",\n        \"ec2:ModifyVolume\",\n        \"ec2:AttachVolume\",\n        \"ec2:AuthorizeSecurityGroupIngress\",\n        \"ec2:CreateRoute\",\n        \"ec2:DeleteRoute\",\n        \"ec2:DeleteSecurityGroup\",\n        \"ec2:DeleteVolume\",\n        \"ec2:DetachVolume\",\n        \"ec2:RevokeSecurityGroupIngress\",\n        \"ec2:DescribeVpcs\",\n        \"elasticloadbalancing:AddTags\",\n        \"elasticloadbalancing:AttachLoadBalancerToSubnets\",\n        \"elasticloadbalancing:ApplySecurityGroupsToLoadBalancer\",\n        \"elasticloadbalancing:CreateLoadBalancer\",\n        \"elasticloadbalancing:CreateLoadBalancerPolicy\",\n        \"elasticloadbalancing:CreateLoadBalancerListeners\",\n        \"elasticloadbalancing:ConfigureHealthCheck\",\n        \"elasticloadbalancing:DeleteLoadBalancer\",\n        \"elasticloadbalancing:DeleteLoadBalancerListeners\",\n        \"elasticloadbalancing:DescribeLoadBalancers\",\n        \"elasticloadbalancing:DescribeLoadBalancerAttributes\",\n        \"elasticloadbalancing:DetachLoadBalancerFromSubnets\",\n        \"elasticloadbalancing:DeregisterInstancesFromLoadBalancer\",\n        \"elasticloadbalancing:ModifyLoadBalancerAttributes\",\n        \"elasticloadbalancing:RegisterInstancesWithLoadBalancer\",\n        \"elasticloadbalancing:SetLoadBalancerPoliciesForBackendServer\",\n        \"elasticloadbalancing:AddTags\",\n        \"elasticloadbalancing:CreateListener\",\n        \"elasticloadbalancing:CreateTargetGroup\",\n        \"elasticloadbalancing:DeleteListener\",\n        \"elasticloadbalancing:DeleteTargetGroup\",\n        \"elasticloadbalancing:DescribeListeners\",\n        \"elasticloadbalancing:DescribeLoadBalancerPolicies\",\n        \"elasticloadbalancing:DescribeTargetGroups\",\n        \"elasticloadbalancing:DescribeTargetHealth\",\n        \"elasticloadbalancing:ModifyListener\",\n        \"elasticloadbalancing:ModifyTargetGroup\",\n        \"elasticloadbalancing:RegisterTargets\",\n        \"elasticloadbalancing:DeregisterTargets\",\n        \"elasticloadbalancing:SetLoadBalancerPoliciesOfListener\",\n        \"iam:CreateServiceLinkedRole\",\n        \"kms:DescribeKey\"\n      ],\n      \"Effect\": \"Allow\",\n      \"Resource\": [\"*\"]\n    }\n  ]\n}\n"
          },
          "private": "bnVsbA=="
        }
      ]
    },
    {
      "module": "module.aws_infrastructure",
      "mode": "managed",
      "type": "aws_iam_policy",
      "name": "k8s_master_iam_policy",
      "provider": "provider.aws",
      "instances": [
        {
          "schema_version": 0,
          "attributes": {
            "arn": "arn:aws:iam::531815757023:policy/k8s-master-iam-policy",
            "description": "K8S Master IAM Policy",
            "id": "arn:aws:iam::531815757023:policy/k8s-master-iam-policy",
            "name": "k8s-master-iam-policy",
            "name_prefix": null,
            "path": "/",
            "policy": "{\n  \"Version\": \"2012-10-17\",\n  \"Statement\": [\n    {\n      \"Action\": [\n        \"s3:*\"\n      ],\n      \"Effect\": \"Allow\",\n      \"Resource\": \"arn:aws:s3:::test-bucket-random-34262352/*\"\n    }\n  ]\n}\n"
          },
          "private": "bnVsbA=="
        }
      ]
    },
    {
      "module": "module.aws_infrastructure",
      "mode": "managed",
      "type": "aws_iam_role_policy_attachment",
      "name": "k8s_agent_aws_iam_attach",
      "provider": "provider.aws",
      "instances": []
    },
    {
      "module": "module.aws_infrastructure",
      "mode": "managed",
      "type": "aws_iam_role_policy_attachment",
      "name": "k8s_master_aws_iam_attach",
      "provider": "provider.aws",
      "instances": []
    },
    {
      "module": "module.aws_infrastructure",
      "mode": "managed",
      "type": "aws_iam_role_policy_attachment",
      "name": "k8s_master_iam_attach",
      "provider": "provider.aws",
      "instances": []
    },
    {
      "module": "module.aws_infrastructure",
      "mode": "managed",
      "type": "aws_instance",
      "name": "bastion",
      "provider": "provider.aws",
      "instances": [
        {
          "schema_version": 1,
          "attributes": {
            "ami": "ami-0ac80df6eff0e70b5",
            "arn": "arn:aws:ec2:us-east-1:531815757023:instance/i-0731ddab538c6ca74",
            "associate_public_ip_address": true,
            "availability_zone": "us-east-1a",
            "cpu_core_count": 1,
            "cpu_threads_per_core": 1,
            "credit_specification": [
              {
                "cpu_credits": "standard"
              }
            ],
            "disable_api_termination": false,
            "ebs_block_device": [],
            "ebs_optimized": false,
            "ephemeral_block_device": [],
            "get_password_data": false,
            "hibernation": false,
            "host_id": null,
            "iam_instance_profile": "",
            "id": "i-0731ddab538c6ca74",
            "instance_initiated_shutdown_behavior": null,
            "instance_state": "running",
            "instance_type": "t2.micro",
            "ipv6_address_count": 0,
            "ipv6_addresses": [],
            "key_name": "test-keypair",
            "metadata_options": [
              {
                "http_endpoint": "enabled",
                "http_put_response_hop_limit": 1,
                "http_tokens": "optional"
              }
            ],
            "monitoring": false,
            "network_interface": [],
            "network_interface_id": null,
            "outpost_arn": "",
            "password_data": "",
            "placement_group": "",
            "primary_network_interface_id": "eni-0f316b7fb0e3c2538",
            "private_dns": "ip-10-0-11-87.ec2.internal",
            "private_ip": "10.0.11.87",
            "public_dns": "",
            "public_ip": "35.153.74.67",
            "root_block_device": [
              {
                "delete_on_termination": true,
                "device_name": "/dev/sda1",
                "encrypted": false,
                "iops": 100,
                "kms_key_id": "",
                "volume_id": "vol-0c54f7df4f95b2ab2",
                "volume_size": 8,
                "volume_type": "gp2"
              }
            ],
            "security_groups": [],
            "source_dest_check": true,
            "subnet_id": "subnet-0f8a3869a48f4b20e",
            "tags": {
              "KubernetesCluster": "mgmt-cluster'",
              "Name": "k8s-bastion",
              "kubernetes.io/cluster/mgmt-cluster'": "owned"
            },
            "tenancy": "default",
            "timeouts": null,
            "user_data": null,
            "user_data_base64": null,
            "volume_tags": {},
            "vpc_security_group_ids": [
              "sg-0b447cbe8f61600e2"
            ]
          },
          "private": "eyJlMmJmYjczMC1lY2FhLTExZTYtOGY4OC0zNDM2M2JjN2M0YzAiOnsiY3JlYXRlIjo2MDAwMDAwMDAwMDAsImRlbGV0ZSI6MTIwMDAwMDAwMDAwMCwidXBkYXRlIjo2MDAwMDAwMDAwMDB9LCJzY2hlbWFfdmVyc2lvbiI6IjEifQ==",
          "dependencies": [
            "module.aws_infrastructure.aws_security_group.bastion_sg",
            "module.aws_infrastructure.aws_subnet.k8s_public_subnet_1",
            "module.aws_infrastructure.aws_vpc.k8s_vpc"
          ]
        }
      ]
    },
    {
      "module": "module.aws_infrastructure",
      "mode": "managed",
      "type": "aws_internet_gateway",
      "name": "k8s_igw",
      "provider": "provider.aws",
      "instances": [
        {
          "schema_version": 0,
          "attributes": {
            "arn": "arn:aws:ec2:us-east-1:531815757023:internet-gateway/igw-0728cc52c591fe874",
            "id": "igw-0728cc52c591fe874",
            "owner_id": "531815757023",
            "tags": {
              "Name": "K8S IGW"
            },
            "vpc_id": "vpc-0adfe20f579d31f89"
          },
          "private": "bnVsbA==",
          "dependencies": [
            "module.aws_infrastructure.aws_vpc.k8s_vpc"
          ]
        }
      ]
    },
    {
      "module": "module.aws_infrastructure",
      "mode": "managed",
      "type": "aws_launch_template",
      "name": "k8s_agent_launch_template",
      "provider": "provider.aws",
      "instances": []
    },
    {
      "module": "module.aws_infrastructure",
      "mode": "managed",
      "type": "aws_launch_template",
      "name": "k8s_master_launch_template",
      "provider": "provider.aws",
      "instances": []
    },
    {
      "module": "module.aws_infrastructure",
      "mode": "managed",
      "type": "aws_nat_gateway",
      "name": "k8s_nat_gw",
      "provider": "provider.aws",
      "instances": [
        {
          "schema_version": 0,
          "attributes": {
            "allocation_id": "eipalloc-00816d01f10ee28c3",
            "id": "nat-073122f300cafdcf6",
            "network_interface_id": "eni-046e5b6e6491d0c59",
            "private_ip": "10.0.11.235",
            "public_ip": "54.86.169.178",
            "subnet_id": "subnet-0f8a3869a48f4b20e",
            "tags": null
          },
          "private": "bnVsbA==",
          "dependencies": [
            "module.aws_infrastructure.aws_eip.k8s_nat_eip",
            "module.aws_infrastructure.aws_internet_gateway.k8s_igw",
            "module.aws_infrastructure.aws_subnet.k8s_public_subnet_1",
            "module.aws_infrastructure.aws_vpc.k8s_vpc"
          ]
        }
      ]
    },
    {
      "module": "module.aws_infrastructure",
      "mode": "managed",
      "type": "aws_rds_cluster",
      "name": "k8s_backend_db_cluster",
      "provider": "provider.aws",
      "instances": [
        {
          "schema_version": 0,
          "attributes": {
            "apply_immediately": null,
            "arn": "arn:aws:rds:us-east-1:531815757023:cluster:k8s-backend-db-cluster",
            "availability_zones": [
              "us-east-1a",
              "us-east-1b",
              "us-east-1d"
            ],
            "backtrack_window": 0,
            "backup_retention_period": 5,
            "cluster_identifier": "k8s-backend-db-cluster",
            "cluster_identifier_prefix": null,
            "cluster_members": [],
            "cluster_resource_id": "cluster-CPL2CDIA3O2ZVQVLIOPWMZXW5A",
            "copy_tags_to_snapshot": false,
            "database_name": "k3sdb",
            "db_cluster_parameter_group_name": "default.aurora-postgresql11",
            "db_subnet_group_name": "k8s-backend-db-subnets",
            "deletion_protection": false,
            "enable_http_endpoint": false,
            "enabled_cloudwatch_logs_exports": null,
            "endpoint": "k8s-backend-db-cluster.cluster-cpo978yeaz2y.us-east-1.rds.amazonaws.com",
            "engine": "aurora-postgresql",
            "engine_mode": "provisioned",
            "engine_version": "11.6",
            "final_snapshot_identifier": "k8s-db-cluster-backup",
            "global_cluster_identifier": "",
            "hosted_zone_id": "Z2R2ITUGPM61AM",
            "iam_database_authentication_enabled": false,
            "iam_roles": null,
            "id": "k8s-backend-db-cluster",
            "kms_key_id": "",
            "master_password": "Password1234!",
            "master_username": "test_admin",
            "port": 5432,
            "preferred_backup_window": "07:00-09:00",
            "preferred_maintenance_window": "thu:10:19-thu:10:49",
            "reader_endpoint": "k8s-backend-db-cluster.cluster-ro-cpo978yeaz2y.us-east-1.rds.amazonaws.com",
            "replication_source_identifier": "",
            "s3_import": [],
            "scaling_configuration": [],
            "skip_final_snapshot": true,
            "snapshot_identifier": null,
            "source_region": null,
            "storage_encrypted": false,
            "tags": null,
            "timeouts": null,
            "vpc_security_group_ids": [
              "sg-0cad88db140b5368a"
            ]
          },
          "private": "eyJlMmJmYjczMC1lY2FhLTExZTYtOGY4OC0zNDM2M2JjN2M0YzAiOnsiY3JlYXRlIjo3MjAwMDAwMDAwMDAwLCJkZWxldGUiOjcyMDAwMDAwMDAwMDAsInVwZGF0ZSI6NzIwMDAwMDAwMDAwMH19",
          "dependencies": [
            "module.aws_infrastructure.aws_db_subnet_group.k8s_backend_db_subnets",
            "module.aws_infrastructure.aws_security_group.k8s_db_sg",
            "module.aws_infrastructure.aws_subnet.k8s_private_subnet_1",
            "module.aws_infrastructure.aws_subnet.k8s_private_subnet_2",
            "module.aws_infrastructure.aws_vpc.k8s_vpc"
          ]
        }
      ]
    },
    {
      "module": "module.aws_infrastructure",
      "mode": "managed",
      "type": "aws_rds_cluster_instance",
      "name": "k8s_backend_db_instance",
      "each": "list",
      "provider": "provider.aws",
      "instances": [
        {
          "index_key": 0,
          "schema_version": 0,
          "attributes": {
            "apply_immediately": null,
            "arn": "arn:aws:rds:us-east-1:531815757023:db:k8s-backend-db",
            "auto_minor_version_upgrade": true,
            "availability_zone": "us-east-1a",
            "ca_cert_identifier": "rds-ca-2019",
            "cluster_identifier": "k8s-backend-db-cluster",
            "copy_tags_to_snapshot": false,
            "db_parameter_group_name": "default.aurora-postgresql11",
            "db_subnet_group_name": "k8s-backend-db-subnets",
            "dbi_resource_id": "db-EKMQNWEDGTJQUHLQY7GZA6ZZ2A",
            "endpoint": "k8s-backend-db.cpo978yeaz2y.us-east-1.rds.amazonaws.com",
            "engine": "aurora-postgresql",
            "engine_version": "11.6",
            "id": "k8s-backend-db",
            "identifier": "k8s-backend-db",
            "identifier_prefix": null,
            "instance_class": "db.r5.large",
            "kms_key_id": "",
            "monitoring_interval": 0,
            "monitoring_role_arn": "",
            "performance_insights_enabled": false,
            "performance_insights_kms_key_id": "",
            "port": 5432,
            "preferred_backup_window": "07:00-09:00",
            "preferred_maintenance_window": "wed:08:08-wed:08:38",
            "promotion_tier": 0,
            "publicly_accessible": false,
            "storage_encrypted": false,
            "tags": null,
            "timeouts": null,
            "writer": true
          },
          "private": "eyJlMmJmYjczMC1lY2FhLTExZTYtOGY4OC0zNDM2M2JjN2M0YzAiOnsiY3JlYXRlIjo1NDAwMDAwMDAwMDAwLCJkZWxldGUiOjU0MDAwMDAwMDAwMDAsInVwZGF0ZSI6NTQwMDAwMDAwMDAwMH19",
          "dependencies": [
            "module.aws_infrastructure.aws_db_subnet_group.k8s_backend_db_subnets",
            "module.aws_infrastructure.aws_rds_cluster.k8s_backend_db_cluster",
            "module.aws_infrastructure.aws_security_group.k8s_db_sg",
            "module.aws_infrastructure.aws_subnet.k8s_private_subnet_1",
            "module.aws_infrastructure.aws_subnet.k8s_private_subnet_2",
            "module.aws_infrastructure.aws_vpc.k8s_vpc"
          ]
        }
      ]
    },
    {
      "module": "module.aws_infrastructure",
      "mode": "managed",
      "type": "aws_route_table",
      "name": "k8s_private_rt",
      "provider": "provider.aws",
      "instances": [
        {
          "schema_version": 0,
          "attributes": {
            "id": "rtb-07696a45ac2bcf7f3",
            "owner_id": "531815757023",
            "propagating_vgws": [],
            "route": [
              {
                "cidr_block": "0.0.0.0/0",
                "egress_only_gateway_id": "",
                "gateway_id": "nat-073122f300cafdcf6",
                "instance_id": "",
                "ipv6_cidr_block": "",
                "nat_gateway_id": "",
                "network_interface_id": "",
                "transit_gateway_id": "",
                "vpc_peering_connection_id": ""
              }
            ],
            "tags": {
              "Name": "K8S Private Route Table"
            },
            "vpc_id": "vpc-0adfe20f579d31f89"
          },
          "private": "bnVsbA==",
          "dependencies": [
            "module.aws_infrastructure.aws_eip.k8s_nat_eip",
            "module.aws_infrastructure.aws_internet_gateway.k8s_igw",
            "module.aws_infrastructure.aws_nat_gateway.k8s_nat_gw",
            "module.aws_infrastructure.aws_subnet.k8s_public_subnet_1",
            "module.aws_infrastructure.aws_vpc.k8s_vpc"
          ]
        }
      ]
    },
    {
      "module": "module.aws_infrastructure",
      "mode": "managed",
      "type": "aws_route_table",
      "name": "k8s_public_rt",
      "provider": "provider.aws",
      "instances": [
        {
          "schema_version": 0,
          "attributes": {
            "id": "rtb-03450c84f496e3783",
            "owner_id": "531815757023",
            "propagating_vgws": [],
            "route": [
              {
                "cidr_block": "0.0.0.0/0",
                "egress_only_gateway_id": "",
                "gateway_id": "igw-0728cc52c591fe874",
                "instance_id": "",
                "ipv6_cidr_block": "",
                "nat_gateway_id": "",
                "network_interface_id": "",
                "transit_gateway_id": "",
                "vpc_peering_connection_id": ""
              }
            ],
            "tags": {
              "Name": "K8S Public Route Table"
            },
            "vpc_id": "vpc-0adfe20f579d31f89"
          },
          "private": "bnVsbA==",
          "dependencies": [
            "module.aws_infrastructure.aws_internet_gateway.k8s_igw",
            "module.aws_infrastructure.aws_vpc.k8s_vpc"
          ]
        }
      ]
    },
    {
      "module": "module.aws_infrastructure",
      "mode": "managed",
      "type": "aws_route_table_association",
      "name": "k8s_private_rt_assoc_1",
      "provider": "provider.aws",
      "instances": [
        {
          "schema_version": 0,
          "attributes": {
            "gateway_id": null,
            "id": "rtbassoc-0616ffeaca4f307a8",
            "route_table_id": "rtb-07696a45ac2bcf7f3",
            "subnet_id": "subnet-033cf484e6d1798bc"
          },
          "private": "bnVsbA==",
          "dependencies": [
            "module.aws_infrastructure.aws_eip.k8s_nat_eip",
            "module.aws_infrastructure.aws_internet_gateway.k8s_igw",
            "module.aws_infrastructure.aws_nat_gateway.k8s_nat_gw",
            "module.aws_infrastructure.aws_route_table.k8s_private_rt",
            "module.aws_infrastructure.aws_subnet.k8s_private_subnet_1",
            "module.aws_infrastructure.aws_subnet.k8s_public_subnet_1",
            "module.aws_infrastructure.aws_vpc.k8s_vpc"
          ]
        }
      ]
    },
    {
      "module": "module.aws_infrastructure",
      "mode": "managed",
      "type": "aws_route_table_association",
      "name": "k8s_private_rt_assoc_2",
      "provider": "provider.aws",
      "instances": [
        {
          "schema_version": 0,
          "attributes": {
            "gateway_id": null,
            "id": "rtbassoc-023a35fc2e91b6330",
            "route_table_id": "rtb-07696a45ac2bcf7f3",
            "subnet_id": "subnet-0ad278a1b2864dfe0"
          },
          "private": "bnVsbA==",
          "dependencies": [
            "module.aws_infrastructure.aws_eip.k8s_nat_eip",
            "module.aws_infrastructure.aws_internet_gateway.k8s_igw",
            "module.aws_infrastructure.aws_nat_gateway.k8s_nat_gw",
            "module.aws_infrastructure.aws_route_table.k8s_private_rt",
            "module.aws_infrastructure.aws_subnet.k8s_private_subnet_2",
            "module.aws_infrastructure.aws_subnet.k8s_public_subnet_1",
            "module.aws_infrastructure.aws_vpc.k8s_vpc"
          ]
        }
      ]
    },
    {
      "module": "module.aws_infrastructure",
      "mode": "managed",
      "type": "aws_route_table_association",
      "name": "k8s_public_rt_assoc_1",
      "provider": "provider.aws",
      "instances": [
        {
          "schema_version": 0,
          "attributes": {
            "gateway_id": null,
            "id": "rtbassoc-0a47f372e51a8ecca",
            "route_table_id": "rtb-03450c84f496e3783",
            "subnet_id": "subnet-0f8a3869a48f4b20e"
          },
          "private": "bnVsbA==",
          "dependencies": [
            "module.aws_infrastructure.aws_internet_gateway.k8s_igw",
            "module.aws_infrastructure.aws_route_table.k8s_public_rt",
            "module.aws_infrastructure.aws_subnet.k8s_public_subnet_1",
            "module.aws_infrastructure.aws_vpc.k8s_vpc"
          ]
        }
      ]
    },
    {
      "module": "module.aws_infrastructure",
      "mode": "managed",
      "type": "aws_route_table_association",
      "name": "k8s_public_rt_assoc_2",
      "provider": "provider.aws",
      "instances": [
        {
          "schema_version": 0,
          "attributes": {
            "gateway_id": null,
            "id": "rtbassoc-0f43241eb1129909a",
            "route_table_id": "rtb-03450c84f496e3783",
            "subnet_id": "subnet-01c77e352543d2ddb"
          },
          "private": "bnVsbA==",
          "dependencies": [
            "module.aws_infrastructure.aws_internet_gateway.k8s_igw",
            "module.aws_infrastructure.aws_route_table.k8s_public_rt",
            "module.aws_infrastructure.aws_subnet.k8s_public_subnet_2",
            "module.aws_infrastructure.aws_vpc.k8s_vpc"
          ]
        }
      ]
    },
    {
      "module": "module.aws_infrastructure",
      "mode": "managed",
      "type": "aws_s3_bucket",
      "name": "k8s_data_bucket",
      "provider": "provider.aws",
      "instances": [
        {
          "status": "tainted",
          "schema_version": 0,
          "attributes": {
            "acceleration_status": null,
            "acl": "private",
            "arn": null,
            "bucket": "test-bucket-random-34262352",
            "bucket_domain_name": null,
            "bucket_prefix": null,
            "bucket_regional_domain_name": null,
            "cors_rule": [],
            "force_destroy": true,
            "grant": [],
            "hosted_zone_id": null,
            "id": "test-bucket-random-34262352",
            "lifecycle_rule": [],
            "logging": [],
            "object_lock_configuration": [],
            "policy": null,
            "region": null,
            "replication_configuration": [],
            "request_payer": null,
            "server_side_encryption_configuration": [],
            "tags": {
              "KubernetesCluster": "mgmt-cluster'",
              "Name": "k8s-data-bucket",
              "kubernetes.io/cluster/mgmt-cluster'": "owned"
            },
            "versioning": null,
            "website": [],
            "website_domain": null,
            "website_endpoint": null
          },
          "private": "bnVsbA=="
        }
      ]
    },
    {
      "module": "module.aws_infrastructure",
      "mode": "managed",
      "type": "aws_s3_bucket_object",
      "name": "website_files",
      "each": "map",
      "provider": "provider.aws",
      "instances": []
    },
    {
      "module": "module.aws_infrastructure",
      "mode": "managed",
      "type": "aws_security_group",
      "name": "bastion_sg",
      "provider": "provider.aws",
      "instances": [
        {
          "schema_version": 1,
          "attributes": {
            "arn": "arn:aws:ec2:us-east-1:531815757023:security-group/sg-0b447cbe8f61600e2",
            "description": "Allow traffic for K8S Control Plane",
            "egress": [
              {
                "cidr_blocks": [
                  "0.0.0.0/0"
                ],
                "description": "",
                "from_port": 0,
                "ipv6_cidr_blocks": [],
                "prefix_list_ids": [],
                "protocol": "-1",
                "security_groups": [],
                "self": false,
                "to_port": 0
              }
            ],
            "id": "sg-0b447cbe8f61600e2",
            "ingress": [
              {
                "cidr_blocks": [
                  "0.0.0.0/0"
                ],
                "description": "Ingress Bastion",
                "from_port": 22,
                "ipv6_cidr_blocks": [],
                "prefix_list_ids": [],
                "protocol": "tcp",
                "security_groups": [],
                "self": false,
                "to_port": 22
              }
            ],
            "name": "bastion-ssh",
            "name_prefix": null,
            "owner_id": "531815757023",
            "revoke_rules_on_delete": false,
            "tags": {
              "KubernetesCluster": "mgmt-cluster'",
              "Name": "bastion-sg",
              "kubernetes.io/cluster/mgmt-cluster'": "owned"
            },
            "timeouts": null,
            "vpc_id": "vpc-0adfe20f579d31f89"
          },
          "private": "eyJlMmJmYjczMC1lY2FhLTExZTYtOGY4OC0zNDM2M2JjN2M0YzAiOnsiY3JlYXRlIjo2MDAwMDAwMDAwMDAsImRlbGV0ZSI6NjAwMDAwMDAwMDAwfSwic2NoZW1hX3ZlcnNpb24iOiIxIn0=",
          "dependencies": [
            "module.aws_infrastructure.aws_vpc.k8s_vpc"
          ]
        }
      ]
    },
    {
      "module": "module.aws_infrastructure",
      "mode": "managed",
      "type": "aws_security_group",
      "name": "internal_ssh",
      "provider": "provider.aws",
      "instances": [
        {
          "schema_version": 1,
          "attributes": {
            "arn": "arn:aws:ec2:us-east-1:531815757023:security-group/sg-05ce36731549163a0",
            "description": "Allow traffic for K8S Control Plane",
            "egress": [
              {
                "cidr_blocks": [
                  "0.0.0.0/0"
                ],
                "description": "",
                "from_port": 0,
                "ipv6_cidr_blocks": [],
                "prefix_list_ids": [],
                "protocol": "-1",
                "security_groups": [],
                "self": false,
                "to_port": 0
              }
            ],
            "id": "sg-05ce36731549163a0",
            "ingress": [
              {
                "cidr_blocks": [
                  "10.0.0.0/16"
                ],
                "description": "Ingress Control Plane",
                "from_port": 22,
                "ipv6_cidr_blocks": [],
                "prefix_list_ids": [],
                "protocol": "tcp",
                "security_groups": [],
                "self": false,
                "to_port": 22
              }
            ],
            "name": "internal-ssh",
            "name_prefix": null,
            "owner_id": "531815757023",
            "revoke_rules_on_delete": false,
            "tags": {
              "KubernetesCluster": "mgmt-cluster'",
              "Name": "internal-ssh",
              "kubernetes.io/cluster/mgmt-cluster'": "owned"
            },
            "timeouts": null,
            "vpc_id": "vpc-0adfe20f579d31f89"
          },
          "private": "eyJlMmJmYjczMC1lY2FhLTExZTYtOGY4OC0zNDM2M2JjN2M0YzAiOnsiY3JlYXRlIjo2MDAwMDAwMDAwMDAsImRlbGV0ZSI6NjAwMDAwMDAwMDAwfSwic2NoZW1hX3ZlcnNpb24iOiIxIn0=",
          "dependencies": [
            "module.aws_infrastructure.aws_vpc.k8s_vpc"
          ]
        }
      ]
    },
    {
      "module": "module.aws_infrastructure",
      "mode": "managed",
      "type": "aws_security_group",
      "name": "k8s_agent_sg",
      "provider": "provider.aws",
      "instances": [
        {
          "schema_version": 1,
          "attributes": {
            "arn": "arn:aws:ec2:us-east-1:531815757023:security-group/sg-0356b7ba04c25cf78",
            "description": "Allow traffic for K8S Agent",
            "egress": [
              {
                "cidr_blocks": [
                  "0.0.0.0/0"
                ],
                "description": "",
                "from_port": 0,
                "ipv6_cidr_blocks": [],
                "prefix_list_ids": [],
                "protocol": "-1",
                "security_groups": [],
                "self": false,
                "to_port": 0
              }
            ],
            "id": "sg-0356b7ba04c25cf78",
            "ingress": [],
            "name": "k8s-agent-sg",
            "name_prefix": null,
            "owner_id": "531815757023",
            "revoke_rules_on_delete": false,
            "tags": {
              "KubernetesCluster": "mgmt-cluster'",
              "Name": "k8s-agent-sg",
              "kubernetes.io/cluster/mgmt-cluster'": "owned"
            },
            "timeouts": null,
            "vpc_id": "vpc-0adfe20f579d31f89"
          },
          "private": "eyJlMmJmYjczMC1lY2FhLTExZTYtOGY4OC0zNDM2M2JjN2M0YzAiOnsiY3JlYXRlIjo2MDAwMDAwMDAwMDAsImRlbGV0ZSI6NjAwMDAwMDAwMDAwfSwic2NoZW1hX3ZlcnNpb24iOiIxIn0=",
          "dependencies": [
            "module.aws_infrastructure.aws_vpc.k8s_vpc"
          ]
        }
      ]
    },
    {
      "module": "module.aws_infrastructure",
      "mode": "managed",
      "type": "aws_security_group",
      "name": "k8s_cp_sg",
      "provider": "provider.aws",
      "instances": [
        {
          "schema_version": 1,
          "attributes": {
            "arn": "arn:aws:ec2:us-east-1:531815757023:security-group/sg-0e5cd6e3a5ab22000",
            "description": "Allow traffic for K8S Control Plane",
            "egress": [
              {
                "cidr_blocks": [
                  "0.0.0.0/0"
                ],
                "description": "",
                "from_port": 0,
                "ipv6_cidr_blocks": [],
                "prefix_list_ids": [],
                "protocol": "-1",
                "security_groups": [],
                "self": false,
                "to_port": 0
              }
            ],
            "id": "sg-0e5cd6e3a5ab22000",
            "ingress": [
              {
                "cidr_blocks": [
                  "0.0.0.0/0"
                ],
                "description": "Ingress Control Plane",
                "from_port": 6443,
                "ipv6_cidr_blocks": [],
                "prefix_list_ids": [],
                "protocol": "tcp",
                "security_groups": [],
                "self": false,
                "to_port": 6443
              }
            ],
            "name": "k8s-cp-sg",
            "name_prefix": null,
            "owner_id": "531815757023",
            "revoke_rules_on_delete": false,
            "tags": {
              "KubernetesCluster": "mgmt-cluster'",
              "Name": "k8s-cp-sg",
              "kubernetes.io/cluster/mgmt-cluster'": "owned"
            },
            "timeouts": null,
            "vpc_id": "vpc-0adfe20f579d31f89"
          },
          "private": "eyJlMmJmYjczMC1lY2FhLTExZTYtOGY4OC0zNDM2M2JjN2M0YzAiOnsiY3JlYXRlIjo2MDAwMDAwMDAwMDAsImRlbGV0ZSI6NjAwMDAwMDAwMDAwfSwic2NoZW1hX3ZlcnNpb24iOiIxIn0=",
          "dependencies": [
            "module.aws_infrastructure.aws_vpc.k8s_vpc"
          ]
        }
      ]
    },
    {
      "module": "module.aws_infrastructure",
      "mode": "managed",
      "type": "aws_security_group",
      "name": "k8s_db_sg",
      "provider": "provider.aws",
      "instances": [
        {
          "schema_version": 1,
          "attributes": {
            "arn": "arn:aws:ec2:us-east-1:531815757023:security-group/sg-0cad88db140b5368a",
            "description": "Allow traffic for K8S DB",
            "egress": [
              {
                "cidr_blocks": [
                  "0.0.0.0/0"
                ],
                "description": "",
                "from_port": 0,
                "ipv6_cidr_blocks": [],
                "prefix_list_ids": [],
                "protocol": "-1",
                "security_groups": [],
                "self": false,
                "to_port": 0
              }
            ],
            "id": "sg-0cad88db140b5368a",
            "ingress": [
              {
                "cidr_blocks": [
                  "10.0.0.0/16"
                ],
                "description": "Ingress Control Plane",
                "from_port": 5432,
                "ipv6_cidr_blocks": [],
                "prefix_list_ids": [],
                "protocol": "tcp",
                "security_groups": [],
                "self": false,
                "to_port": 5432
              }
            ],
            "name": "k8s-db-sg",
            "name_prefix": null,
            "owner_id": "531815757023",
            "revoke_rules_on_delete": false,
            "tags": {
              "Name": "k8s-db-sg"
            },
            "timeouts": null,
            "vpc_id": "vpc-0adfe20f579d31f89"
          },
          "private": "eyJlMmJmYjczMC1lY2FhLTExZTYtOGY4OC0zNDM2M2JjN2M0YzAiOnsiY3JlYXRlIjo2MDAwMDAwMDAwMDAsImRlbGV0ZSI6NjAwMDAwMDAwMDAwfSwic2NoZW1hX3ZlcnNpb24iOiIxIn0=",
          "dependencies": [
            "module.aws_infrastructure.aws_vpc.k8s_vpc"
          ]
        }
      ]
    },
    {
      "module": "module.aws_infrastructure",
      "mode": "managed",
      "type": "aws_security_group_rule",
      "name": "k8s_agent_sg_http_ingress",
      "provider": "provider.aws",
      "instances": [
        {
          "schema_version": 2,
          "attributes": {
            "cidr_blocks": [
              "0.0.0.0/0"
            ],
            "description": null,
            "from_port": 80,
            "id": "sgrule-1435709708",
            "ipv6_cidr_blocks": null,
            "prefix_list_ids": null,
            "protocol": "tcp",
            "security_group_id": "sg-0356b7ba04c25cf78",
            "self": false,
            "source_security_group_id": null,
            "to_port": 80,
            "type": "ingress"
          },
          "private": "eyJzY2hlbWFfdmVyc2lvbiI6IjIifQ==",
          "dependencies": [
            "module.aws_infrastructure.aws_security_group.k8s_agent_sg",
            "module.aws_infrastructure.aws_vpc.k8s_vpc"
          ]
        }
      ]
    },
    {
      "module": "module.aws_infrastructure",
      "mode": "managed",
      "type": "aws_security_group_rule",
      "name": "k8s_agent_sg_https_ingress",
      "provider": "provider.aws",
      "instances": [
        {
          "schema_version": 2,
          "attributes": {
            "cidr_blocks": [
              "0.0.0.0/0"
            ],
            "description": null,
            "from_port": 443,
            "id": "sgrule-1531476055",
            "ipv6_cidr_blocks": null,
            "prefix_list_ids": null,
            "protocol": "tcp",
            "security_group_id": "sg-0356b7ba04c25cf78",
            "self": false,
            "source_security_group_id": null,
            "to_port": 443,
            "type": "ingress"
          },
          "private": "eyJzY2hlbWFfdmVyc2lvbiI6IjIifQ==",
          "dependencies": [
            "module.aws_infrastructure.aws_security_group.k8s_agent_sg",
            "module.aws_infrastructure.aws_vpc.k8s_vpc"
          ]
        }
      ]
    },
    {
      "module": "module.aws_infrastructure",
      "mode": "managed",
      "type": "aws_security_group_rule",
      "name": "k8s_cp_sg_self_ingress",
      "provider": "provider.aws",
      "instances": [
        {
          "schema_version": 2,
          "attributes": {
            "cidr_blocks": [
              "10.0.0.0/16"
            ],
            "description": null,
            "from_port": 0,
            "id": "sgrule-2253827092",
            "ipv6_cidr_blocks": null,
            "prefix_list_ids": null,
            "protocol": "-1",
            "security_group_id": "sg-0e5cd6e3a5ab22000",
            "self": false,
            "source_security_group_id": null,
            "to_port": 0,
            "type": "ingress"
          },
          "private": "eyJzY2hlbWFfdmVyc2lvbiI6IjIifQ==",
          "dependencies": [
            "module.aws_infrastructure.aws_security_group.k8s_cp_sg",
            "module.aws_infrastructure.aws_vpc.k8s_vpc"
          ]
        }
      ]
    },
    {
      "module": "module.aws_infrastructure",
      "mode": "managed",
      "type": "aws_subnet",
      "name": "k8s_private_subnet_1",
      "provider": "provider.aws",
      "instances": [
        {
          "schema_version": 1,
          "attributes": {
            "arn": "arn:aws:ec2:us-east-1:531815757023:subnet/subnet-033cf484e6d1798bc",
            "assign_ipv6_address_on_creation": false,
            "availability_zone": "us-east-1a",
            "availability_zone_id": "use1-az6",
            "cidr_block": "10.0.1.0/24",
            "id": "subnet-033cf484e6d1798bc",
            "ipv6_cidr_block": "",
            "ipv6_cidr_block_association_id": "",
            "map_public_ip_on_launch": false,
            "outpost_arn": "",
            "owner_id": "531815757023",
            "tags": {
              "Name": "K8S Private Subnet 1"
            },
            "timeouts": null,
            "vpc_id": "vpc-0adfe20f579d31f89"
          },
          "private": "eyJlMmJmYjczMC1lY2FhLTExZTYtOGY4OC0zNDM2M2JjN2M0YzAiOnsiY3JlYXRlIjo2MDAwMDAwMDAwMDAsImRlbGV0ZSI6MTIwMDAwMDAwMDAwMH0sInNjaGVtYV92ZXJzaW9uIjoiMSJ9",
          "dependencies": [
            "module.aws_infrastructure.aws_vpc.k8s_vpc"
          ]
        }
      ]
    },
    {
      "module": "module.aws_infrastructure",
      "mode": "managed",
      "type": "aws_subnet",
      "name": "k8s_private_subnet_2",
      "provider": "provider.aws",
      "instances": [
        {
          "schema_version": 1,
          "attributes": {
            "arn": "arn:aws:ec2:us-east-1:531815757023:subnet/subnet-0ad278a1b2864dfe0",
            "assign_ipv6_address_on_creation": false,
            "availability_zone": "us-east-1b",
            "availability_zone_id": "use1-az1",
            "cidr_block": "10.0.2.0/24",
            "id": "subnet-0ad278a1b2864dfe0",
            "ipv6_cidr_block": "",
            "ipv6_cidr_block_association_id": "",
            "map_public_ip_on_launch": false,
            "outpost_arn": "",
            "owner_id": "531815757023",
            "tags": {
              "Name": "K8S Private Subnet 2"
            },
            "timeouts": null,
            "vpc_id": "vpc-0adfe20f579d31f89"
          },
          "private": "eyJlMmJmYjczMC1lY2FhLTExZTYtOGY4OC0zNDM2M2JjN2M0YzAiOnsiY3JlYXRlIjo2MDAwMDAwMDAwMDAsImRlbGV0ZSI6MTIwMDAwMDAwMDAwMH0sInNjaGVtYV92ZXJzaW9uIjoiMSJ9",
          "dependencies": [
            "module.aws_infrastructure.aws_vpc.k8s_vpc"
          ]
        }
      ]
    },
    {
      "module": "module.aws_infrastructure",
      "mode": "managed",
      "type": "aws_subnet",
      "name": "k8s_public_subnet_1",
      "provider": "provider.aws",
      "instances": [
        {
          "schema_version": 1,
          "attributes": {
            "arn": "arn:aws:ec2:us-east-1:531815757023:subnet/subnet-0f8a3869a48f4b20e",
            "assign_ipv6_address_on_creation": false,
            "availability_zone": "us-east-1a",
            "availability_zone_id": "use1-az6",
            "cidr_block": "10.0.11.0/24",
            "id": "subnet-0f8a3869a48f4b20e",
            "ipv6_cidr_block": "",
            "ipv6_cidr_block_association_id": "",
            "map_public_ip_on_launch": false,
            "outpost_arn": "",
            "owner_id": "531815757023",
            "tags": {
              "Name": "K8S Public Subnet 1"
            },
            "timeouts": null,
            "vpc_id": "vpc-0adfe20f579d31f89"
          },
          "private": "eyJlMmJmYjczMC1lY2FhLTExZTYtOGY4OC0zNDM2M2JjN2M0YzAiOnsiY3JlYXRlIjo2MDAwMDAwMDAwMDAsImRlbGV0ZSI6MTIwMDAwMDAwMDAwMH0sInNjaGVtYV92ZXJzaW9uIjoiMSJ9",
          "dependencies": [
            "module.aws_infrastructure.aws_vpc.k8s_vpc"
          ]
        }
      ]
    },
    {
      "module": "module.aws_infrastructure",
      "mode": "managed",
      "type": "aws_subnet",
      "name": "k8s_public_subnet_2",
      "provider": "provider.aws",
      "instances": [
        {
          "schema_version": 1,
          "attributes": {
            "arn": "arn:aws:ec2:us-east-1:531815757023:subnet/subnet-01c77e352543d2ddb",
            "assign_ipv6_address_on_creation": false,
            "availability_zone": "us-east-1b",
            "availability_zone_id": "use1-az1",
            "cidr_block": "10.0.12.0/24",
            "id": "subnet-01c77e352543d2ddb",
            "ipv6_cidr_block": "",
            "ipv6_cidr_block_association_id": "",
            "map_public_ip_on_launch": false,
            "outpost_arn": "",
            "owner_id": "531815757023",
            "tags": {
              "Name": "K8S Public Subnet 2"
            },
            "timeouts": null,
            "vpc_id": "vpc-0adfe20f579d31f89"
          },
          "private": "eyJlMmJmYjczMC1lY2FhLTExZTYtOGY4OC0zNDM2M2JjN2M0YzAiOnsiY3JlYXRlIjo2MDAwMDAwMDAwMDAsImRlbGV0ZSI6MTIwMDAwMDAwMDAwMH0sInNjaGVtYV92ZXJzaW9uIjoiMSJ9",
          "dependencies": [
            "module.aws_infrastructure.aws_vpc.k8s_vpc"
          ]
        }
      ]
    },
    {
      "module": "module.aws_infrastructure",
      "mode": "managed",
      "type": "aws_vpc",
      "name": "k8s_vpc",
      "provider": "provider.aws",
      "instances": [
        {
          "schema_version": 1,
          "attributes": {
            "arn": "arn:aws:ec2:us-east-1:531815757023:vpc/vpc-0adfe20f579d31f89",
            "assign_generated_ipv6_cidr_block": false,
            "cidr_block": "10.0.0.0/16",
            "default_network_acl_id": "acl-074610bc039356a2b",
            "default_route_table_id": "rtb-08a8f193d88ce95f7",
            "default_security_group_id": "sg-011d19fc319723299",
            "dhcp_options_id": "dopt-0a0a9870",
            "enable_classiclink": false,
            "enable_classiclink_dns_support": false,
            "enable_dns_hostnames": false,
            "enable_dns_support": true,
            "id": "vpc-0adfe20f579d31f89",
            "instance_tenancy": "default",
            "ipv6_association_id": "",
            "ipv6_cidr_block": "",
            "main_route_table_id": "rtb-08a8f193d88ce95f7",
            "owner_id": "531815757023",
            "tags": {
              "Name": "K8S VPC"
            }
          },
          "private": "eyJzY2hlbWFfdmVyc2lvbiI6IjEifQ=="
        }
      ]
    },
    {
      "module": "module.aws_infrastructure",
      "mode": "managed",
      "type": "random_string",
      "name": "k3s_token",
      "provider": "provider.random",
      "instances": [
        {
          "schema_version": 1,
          "attributes": {
            "id": "yN1ENySF7Hj3sHBsk2Ay",
            "keepers": null,
            "length": 20,
            "lower": true,
            "min_lower": 0,
            "min_numeric": 0,
            "min_special": 0,
            "min_upper": 0,
            "number": true,
            "override_special": null,
            "result": "yN1ENySF7Hj3sHBsk2Ay",
            "special": false,
            "upper": true
          },
          "private": "eyJzY2hlbWFfdmVyc2lvbiI6IjEifQ=="
        }
      ]
    }
  ]
}
